// !$*UTF8*$!
{
	archiveVersion = 1;
	classes = {
	};
	objectVersion = 50;
	objects = {

/* Begin PBXFileReference section */
		2A0502712667FF4600C4D89D /* ESP-Roomba-Self-AP */ = {isa = PBXFileReference; lastKnownFileType = folder; path = "ESP-Roomba-Self-AP"; sourceTree = "<group>"; };
		2A050272267692BB00C4D89D /* index.html */ = {isa = PBXFileReference; lastKnownFileType = text.html; path = index.html; sourceTree = "<group>"; };
		2A0E90C5269B68DF006D7555 /* RoombaVirtualWall */ = {isa = PBXFileReference; lastKnownFileType = folder; path = RoombaVirtualWall; sourceTree = "<group>"; };
/* End PBXFileReference section */

/* Begin PBXGroup section */
		2A0502672667FDBB00C4D89D = {
			isa = PBXGroup;
			children = (
				2A050272267692BB00C4D89D /* index.html */,
				2A0E90C5269B68DF006D7555 /* RoombaVirtualWall */,
				2A0502712667FF4600C4D89D /* ESP-Roomba-Self-AP */,
			);
			sourceTree = "<group>";
		};
/* End PBXGroup section */

/* Begin PBXProject section */
		2A0502682667FDBB00C4D89D /* Project object */ = {
			isa = PBXProject;
			attributes = {
				LastUpgradeCheck = 1000;
			};
			buildConfigurationList = 2A05026B2667FDBB00C4D89D /* Build configuration list for PBXProject "myRoomba" */;
			compatibilityVersion = "Xcode 9.3";
			developmentRegion = en;
			hasScannedForEncodings = 0;
			knownRegions = (
				en,
			);
			mainGroup = 2A0502672667FDBB00C4D89D;
			projectDirPath = "";
			projectRoot = "";
			targets = (
			);
		};
/* End PBXProject section */

/* Begin XCBuildConfiguration section */
		2A05026C2667FDBB00C4D89D /* Debug */ = {
			isa = XCBuildConfiguration;
			buildSettings = {
			};
			name = Debug;
		};
		2A05026D2667FDBB00C4D89D /* Release */ = {
			isa = XCBuildConfiguration;
			buildSettings = {
			};
			name = Release;
		};
/* End XCBuildConfiguration section */

/* Begin XCConfigurationList section */
		2A05026B2667FDBB00C4D89D /* Build configuration list for PBXProject "myRoomba" */ = {
			isa = XCConfigurationList;
			buildConfigurations = (
				2A05026C2667FDBB00C4D89D /* Debug */,
				2A05026D2667FDBB00C4D89D /* Release */,
			);
			defaultConfigurationIsVisible = 0;
			defaultConfigurationName = Release;
		};
/* End XCConfigurationList section */
	};
	rootObject = 2A0502682667FDBB00C4D89D /* Project object */;
}
